
Microsoft Visual Studio Solution File, Format Version 12.00
# Visual Studio Version 16
VisualStudioVersion = 16.0.29926.136
MinimumVisualStudioVersion = 10.0.40219.1
Project("{FAE04EC0-301F-11D3-BF4B-00C04F79EFBC}") = "Laba3", "Laba3\Laba3.csproj", "{67650C7C-EDA7-4D8D-96B8-E5528EABDFDD}"
EndProject
Global
	GlobalSection(SolutionConfigurationPlatforms) = preSolution
		Debug|Any CPU = Debug|Any CPU
		Release|Any CPU = Release|Any CPU
	EndGlobalSection
	GlobalSection(ProjectConfigurationPlatforms) = postSolution
		{67650C7C-EDA7-4D8D-96B8-E5528EABDFDD}.Debug|Any CPU.ActiveCfg = Debug|Any CPU
		{67650C7C-EDA7-4D8D-96B8-E5528EABDFDD}.Debug|Any CPU.Build.0 = Debug|Any CPU
		{67650C7C-EDA7-4D8D-96B8-E5528EABDFDD}.Release|Any CPU.ActiveCfg = Release|Any CPU
		{67650C7C-EDA7-4D8D-96B8-E5528EABDFDD}.Release|Any CPU.Build.0 = Release|Any CPU
	EndGlobalSection
	GlobalSection(SolutionProperties) = preSolution
		HideSolutionNode = FALSE
	EndGlobalSection
	GlobalSection(ExtensibilityGlobals) = postSolution
		SolutionGuid = {60E86096-2663-4411-9DEC-B4C8C2694891}
	EndGlobalSection
EndGlobal
